// !$*UTF8*$!
{
	archiveVersion = 1;
	classes = {
	};
	objectVersion = 56;
	objects = {

/* Begin PBXBuildFile section */
		443D6BC629E4008B00416579 /* AppDelegate.swift in Sources */ = {isa = PBXBuildFile; fileRef = 443D6BC529E4008B00416579 /* AppDelegate.swift */; };
		443D6BCF29E4008C00416579 /* Assets.xcassets in Resources */ = {isa = PBXBuildFile; fileRef = 443D6BCE29E4008C00416579 /* Assets.xcassets */; };
		443D6BD229E4008C00416579 /* LaunchScreen.storyboard in Resources */ = {isa = PBXBuildFile; fileRef = 443D6BD029E4008C00416579 /* LaunchScreen.storyboard */; };
		443D6BDB29E401FD00416579 /* SnapKit-Dynamic in Frameworks */ = {isa = PBXBuildFile; productRef = 443D6BDA29E401FD00416579 /* SnapKit-Dynamic */; };
		443D6BDE29E4020700416579 /* Kingfisher in Frameworks */ = {isa = PBXBuildFile; productRef = 443D6BDD29E4020700416579 /* Kingfisher */; };
		443D6BE229E45D1200416579 /* Services in Frameworks */ = {isa = PBXBuildFile; productRef = 443D6BE129E45D1200416579 /* Services */; };
		443D6BE529E4A7F700416579 /* CategoriesFactory.swift in Sources */ = {isa = PBXBuildFile; fileRef = 443D6BE429E4A7F700416579 /* CategoriesFactory.swift */; };
		443D6BE729E4A85A00416579 /* CategoriesResources.swift in Sources */ = {isa = PBXBuildFile; fileRef = 443D6BE629E4A85A00416579 /* CategoriesResources.swift */; };
		443D6BE929E4A88600416579 /* CategoriesViewModel.swift in Sources */ = {isa = PBXBuildFile; fileRef = 443D6BE829E4A88600416579 /* CategoriesViewModel.swift */; };
		443D6BEB29E4A8FE00416579 /* CategoriesViewController.swift in Sources */ = {isa = PBXBuildFile; fileRef = 443D6BEA29E4A8FE00416579 /* CategoriesViewController.swift */; };
		443D6BEF29E52CB100416579 /* CategoriesCollectionResources.swift in Sources */ = {isa = PBXBuildFile; fileRef = 443D6BEE29E52CB100416579 /* CategoriesCollectionResources.swift */; };
		443D6BF129E52CDF00416579 /* CategoriesCollectionViewModel.swift in Sources */ = {isa = PBXBuildFile; fileRef = 443D6BF029E52CDF00416579 /* CategoriesCollectionViewModel.swift */; };
		443D6BF329E52D5D00416579 /* CategoriesCollectionView.swift in Sources */ = {isa = PBXBuildFile; fileRef = 443D6BF229E52D5D00416579 /* CategoriesCollectionView.swift */; };
		443D6BF629E52E0000416579 /* CategoriesCellResources.swift in Sources */ = {isa = PBXBuildFile; fileRef = 443D6BF529E52E0000416579 /* CategoriesCellResources.swift */; };
		443D6BF829E52E2400416579 /* CategoriesCellViewModel.swift in Sources */ = {isa = PBXBuildFile; fileRef = 443D6BF729E52E2400416579 /* CategoriesCellViewModel.swift */; };
		443D6BFA29E52E8900416579 /* CategoriesCellView.swift in Sources */ = {isa = PBXBuildFile; fileRef = 443D6BF929E52E8900416579 /* CategoriesCellView.swift */; };
		443D6BFC29E5330000416579 /* CategoriesCellModel.swift in Sources */ = {isa = PBXBuildFile; fileRef = 443D6BFB29E5330000416579 /* CategoriesCellModel.swift */; };
		443D6BFF29E5364800416579 /* Collection+Safe.swift in Sources */ = {isa = PBXBuildFile; fileRef = 443D6BFE29E5364800416579 /* Collection+Safe.swift */; };
/* End PBXBuildFile section */

/* Begin PBXFileReference section */
		443D6BC229E4008B00416579 /* printful_external.app */ = {isa = PBXFileReference; explicitFileType = wrapper.application; includeInIndex = 0; path = printful_external.app; sourceTree = BUILT_PRODUCTS_DIR; };
		443D6BC529E4008B00416579 /* AppDelegate.swift */ = {isa = PBXFileReference; lastKnownFileType = sourcecode.swift; path = AppDelegate.swift; sourceTree = "<group>"; };
		443D6BCE29E4008C00416579 /* Assets.xcassets */ = {isa = PBXFileReference; lastKnownFileType = folder.assetcatalog; path = Assets.xcassets; sourceTree = "<group>"; };
		443D6BD129E4008C00416579 /* Base */ = {isa = PBXFileReference; lastKnownFileType = file.storyboard; name = Base; path = Base.lproj/LaunchScreen.storyboard; sourceTree = "<group>"; };
		443D6BD329E4008C00416579 /* Info.plist */ = {isa = PBXFileReference; lastKnownFileType = text.plist.xml; path = Info.plist; sourceTree = "<group>"; };
		443D6BDF29E4275B00416579 /* Services */ = {isa = PBXFileReference; lastKnownFileType = wrapper; path = Services; sourceTree = "<group>"; };
		443D6BE429E4A7F700416579 /* CategoriesFactory.swift */ = {isa = PBXFileReference; lastKnownFileType = sourcecode.swift; path = CategoriesFactory.swift; sourceTree = "<group>"; };
		443D6BE629E4A85A00416579 /* CategoriesResources.swift */ = {isa = PBXFileReference; lastKnownFileType = sourcecode.swift; path = CategoriesResources.swift; sourceTree = "<group>"; };
		443D6BE829E4A88600416579 /* CategoriesViewModel.swift */ = {isa = PBXFileReference; lastKnownFileType = sourcecode.swift; path = CategoriesViewModel.swift; sourceTree = "<group>"; };
		443D6BEA29E4A8FE00416579 /* CategoriesViewController.swift */ = {isa = PBXFileReference; lastKnownFileType = sourcecode.swift; path = CategoriesViewController.swift; sourceTree = "<group>"; };
		443D6BEE29E52CB100416579 /* CategoriesCollectionResources.swift */ = {isa = PBXFileReference; lastKnownFileType = sourcecode.swift; path = CategoriesCollectionResources.swift; sourceTree = "<group>"; };
		443D6BF029E52CDF00416579 /* CategoriesCollectionViewModel.swift */ = {isa = PBXFileReference; lastKnownFileType = sourcecode.swift; path = CategoriesCollectionViewModel.swift; sourceTree = "<group>"; };
		443D6BF229E52D5D00416579 /* CategoriesCollectionView.swift */ = {isa = PBXFileReference; lastKnownFileType = sourcecode.swift; path = CategoriesCollectionView.swift; sourceTree = "<group>"; };
		443D6BF529E52E0000416579 /* CategoriesCellResources.swift */ = {isa = PBXFileReference; lastKnownFileType = sourcecode.swift; path = CategoriesCellResources.swift; sourceTree = "<group>"; };
		443D6BF729E52E2400416579 /* CategoriesCellViewModel.swift */ = {isa = PBXFileReference; lastKnownFileType = sourcecode.swift; path = CategoriesCellViewModel.swift; sourceTree = "<group>"; };
		443D6BF929E52E8900416579 /* CategoriesCellView.swift */ = {isa = PBXFileReference; lastKnownFileType = sourcecode.swift; path = CategoriesCellView.swift; sourceTree = "<group>"; };
		443D6BFB29E5330000416579 /* CategoriesCellModel.swift */ = {isa = PBXFileReference; lastKnownFileType = sourcecode.swift; path = CategoriesCellModel.swift; sourceTree = "<group>"; };
		443D6BFE29E5364800416579 /* Collection+Safe.swift */ = {isa = PBXFileReference; lastKnownFileType = sourcecode.swift; path = "Collection+Safe.swift"; sourceTree = "<group>"; };
/* End PBXFileReference section */

/* Begin PBXFrameworksBuildPhase section */
		443D6BBF29E4008B00416579 /* Frameworks */ = {
			isa = PBXFrameworksBuildPhase;
			buildActionMask = 2147483647;
			files = (
				443D6BE229E45D1200416579 /* Services in Frameworks */,
				443D6BDE29E4020700416579 /* Kingfisher in Frameworks */,
				443D6BDB29E401FD00416579 /* SnapKit-Dynamic in Frameworks */,
			);
			runOnlyForDeploymentPostprocessing = 0;
		};
/* End PBXFrameworksBuildPhase section */

/* Begin PBXGroup section */
		443D6BB929E4008B00416579 = {
			isa = PBXGroup;
			children = (
				443D6BC429E4008B00416579 /* printful_external */,
				443D6BDF29E4275B00416579 /* Services */,
				443D6BC329E4008B00416579 /* Products */,
				443D6BE029E45D1200416579 /* Frameworks */,
			);
			sourceTree = "<group>";
		};
		443D6BC329E4008B00416579 /* Products */ = {
			isa = PBXGroup;
			children = (
				443D6BC229E4008B00416579 /* printful_external.app */,
			);
			name = Products;
			sourceTree = "<group>";
		};
		443D6BC429E4008B00416579 /* printful_external */ = {
			isa = PBXGroup;
			children = (
				443D6BC529E4008B00416579 /* AppDelegate.swift */,
				443D6BFD29E5363800416579 /* Extensions */,
				443D6BE329E4A7CD00416579 /* CategoriesViewController */,
				443D6BCE29E4008C00416579 /* Assets.xcassets */,
				443D6BD029E4008C00416579 /* LaunchScreen.storyboard */,
				443D6BD329E4008C00416579 /* Info.plist */,
			);
			path = printful_external;
			sourceTree = "<group>";
		};
		443D6BE029E45D1200416579 /* Frameworks */ = {
			isa = PBXGroup;
			children = (
			);
			name = Frameworks;
			sourceTree = "<group>";
		};
		443D6BE329E4A7CD00416579 /* CategoriesViewController */ = {
			isa = PBXGroup;
			children = (
				443D6BEC29E52C9000416579 /* SubModules */,
				443D6BE429E4A7F700416579 /* CategoriesFactory.swift */,
				443D6BE629E4A85A00416579 /* CategoriesResources.swift */,
				443D6BE829E4A88600416579 /* CategoriesViewModel.swift */,
				443D6BEA29E4A8FE00416579 /* CategoriesViewController.swift */,
			);
			path = CategoriesViewController;
			sourceTree = "<group>";
		};
		443D6BEC29E52C9000416579 /* SubModules */ = {
			isa = PBXGroup;
			children = (
				443D6BED29E52C9800416579 /* CategoriesCollectionView */,
			);
			path = SubModules;
			sourceTree = "<group>";
		};
		443D6BED29E52C9800416579 /* CategoriesCollectionView */ = {
			isa = PBXGroup;
			children = (
				443D6BF429E52DDE00416579 /* CategoriesCellView */,
				443D6BEE29E52CB100416579 /* CategoriesCollectionResources.swift */,
				443D6BF029E52CDF00416579 /* CategoriesCollectionViewModel.swift */,
				443D6BF229E52D5D00416579 /* CategoriesCollectionView.swift */,
			);
			path = CategoriesCollectionView;
			sourceTree = "<group>";
		};
		443D6BF429E52DDE00416579 /* CategoriesCellView */ = {
			isa = PBXGroup;
			children = (
				443D6BF529E52E0000416579 /* CategoriesCellResources.swift */,
				443D6BFB29E5330000416579 /* CategoriesCellModel.swift */,
				443D6BF729E52E2400416579 /* CategoriesCellViewModel.swift */,
				443D6BF929E52E8900416579 /* CategoriesCellView.swift */,
			);
			path = CategoriesCellView;
			sourceTree = "<group>";
		};
		443D6BFD29E5363800416579 /* Extensions */ = {
			isa = PBXGroup;
			children = (
				443D6BFE29E5364800416579 /* Collection+Safe.swift */,
			);
			path = Extensions;
			sourceTree = "<group>";
		};
/* End PBXGroup section */

/* Begin PBXNativeTarget section */
		443D6BC129E4008B00416579 /* printful_external */ = {
			isa = PBXNativeTarget;
			buildConfigurationList = 443D6BD629E4008C00416579 /* Build configuration list for PBXNativeTarget "printful_external" */;
			buildPhases = (
				443D6BBE29E4008B00416579 /* Sources */,
				443D6BBF29E4008B00416579 /* Frameworks */,
				443D6BC029E4008B00416579 /* Resources */,
			);
			buildRules = (
			);
			dependencies = (
			);
			name = printful_external;
			packageProductDependencies = (
				443D6BDA29E401FD00416579 /* SnapKit-Dynamic */,
				443D6BDD29E4020700416579 /* Kingfisher */,
				443D6BE129E45D1200416579 /* Services */,
			);
			productName = printful_external;
			productReference = 443D6BC229E4008B00416579 /* printful_external.app */;
			productType = "com.apple.product-type.application";
		};
/* End PBXNativeTarget section */

/* Begin PBXProject section */
		443D6BBA29E4008B00416579 /* Project object */ = {
			isa = PBXProject;
			attributes = {
				BuildIndependentTargetsInParallel = 1;
				LastSwiftUpdateCheck = 1410;
				LastUpgradeCheck = 1410;
				TargetAttributes = {
					443D6BC129E4008B00416579 = {
						CreatedOnToolsVersion = 14.1;
					};
				};
			};
			buildConfigurationList = 443D6BBD29E4008B00416579 /* Build configuration list for PBXProject "printful_external" */;
			compatibilityVersion = "Xcode 14.0";
			developmentRegion = en;
			hasScannedForEncodings = 0;
			knownRegions = (
				en,
				Base,
			);
			mainGroup = 443D6BB929E4008B00416579;
			packageReferences = (
				443D6BD929E401FD00416579 /* XCRemoteSwiftPackageReference "SnapKit" */,
				443D6BDC29E4020700416579 /* XCRemoteSwiftPackageReference "Kingfisher" */,
			);
			productRefGroup = 443D6BC329E4008B00416579 /* Products */;
			projectDirPath = "";
			projectRoot = "";
			targets = (
				443D6BC129E4008B00416579 /* printful_external */,
			);
		};
/* End PBXProject section */

/* Begin PBXResourcesBuildPhase section */
		443D6BC029E4008B00416579 /* Resources */ = {
			isa = PBXResourcesBuildPhase;
			buildActionMask = 2147483647;
			files = (
				443D6BD229E4008C00416579 /* LaunchScreen.storyboard in Resources */,
				443D6BCF29E4008C00416579 /* Assets.xcassets in Resources */,
			);
			runOnlyForDeploymentPostprocessing = 0;
		};
/* End PBXResourcesBuildPhase section */

/* Begin PBXSourcesBuildPhase section */
		443D6BBE29E4008B00416579 /* Sources */ = {
			isa = PBXSourcesBuildPhase;
			buildActionMask = 2147483647;
			files = (
				443D6BE729E4A85A00416579 /* CategoriesResources.swift in Sources */,
				443D6BEB29E4A8FE00416579 /* CategoriesViewController.swift in Sources */,
				443D6BFF29E5364800416579 /* Collection+Safe.swift in Sources */,
				443D6BE929E4A88600416579 /* CategoriesViewModel.swift in Sources */,
				443D6BEF29E52CB100416579 /* CategoriesCollectionResources.swift in Sources */,
				443D6BFA29E52E8900416579 /* CategoriesCellView.swift in Sources */,
				443D6BC629E4008B00416579 /* AppDelegate.swift in Sources */,
				443D6BE529E4A7F700416579 /* CategoriesFactory.swift in Sources */,
				443D6BFC29E5330000416579 /* CategoriesCellModel.swift in Sources */,
				443D6BF829E52E2400416579 /* CategoriesCellViewModel.swift in Sources */,
				443D6BF329E52D5D00416579 /* CategoriesCollectionView.swift in Sources */,
				443D6BF629E52E0000416579 /* CategoriesCellResources.swift in Sources */,
				443D6BF129E52CDF00416579 /* CategoriesCollectionViewModel.swift in Sources */,
			);
			runOnlyForDeploymentPostprocessing = 0;
		};
/* End PBXSourcesBuildPhase section */

/* Begin PBXVariantGroup section */
		443D6BD029E4008C00416579 /* LaunchScreen.storyboard */ = {
			isa = PBXVariantGroup;
			children = (
				443D6BD129E4008C00416579 /* Base */,
			);
			name = LaunchScreen.storyboard;
			sourceTree = "<group>";
		};
/* End PBXVariantGroup section */

/* Begin XCBuildConfiguration section */
		443D6BD429E4008C00416579 /* Debug */ = {
			isa = XCBuildConfiguration;
			buildSettings = {
				ALWAYS_SEARCH_USER_PATHS = NO;
				CLANG_ANALYZER_NONNULL = YES;
				CLANG_ANALYZER_NUMBER_OBJECT_CONVERSION = YES_AGGRESSIVE;
				CLANG_CXX_LANGUAGE_STANDARD = "gnu++20";
				CLANG_ENABLE_MODULES = YES;
				CLANG_ENABLE_OBJC_ARC = YES;
				CLANG_ENABLE_OBJC_WEAK = YES;
				CLANG_WARN_BLOCK_CAPTURE_AUTORELEASING = YES;
				CLANG_WARN_BOOL_CONVERSION = YES;
				CLANG_WARN_COMMA = YES;
				CLANG_WARN_CONSTANT_CONVERSION = YES;
				CLANG_WARN_DEPRECATED_OBJC_IMPLEMENTATIONS = YES;
				CLANG_WARN_DIRECT_OBJC_ISA_USAGE = YES_ERROR;
				CLANG_WARN_DOCUMENTATION_COMMENTS = YES;
				CLANG_WARN_EMPTY_BODY = YES;
				CLANG_WARN_ENUM_CONVERSION = YES;
				CLANG_WARN_INFINITE_RECURSION = YES;
				CLANG_WARN_INT_CONVERSION = YES;
				CLANG_WARN_NON_LITERAL_NULL_CONVERSION = YES;
				CLANG_WARN_OBJC_IMPLICIT_RETAIN_SELF = YES;
				CLANG_WARN_OBJC_LITERAL_CONVERSION = YES;
				CLANG_WARN_OBJC_ROOT_CLASS = YES_ERROR;
				CLANG_WARN_QUOTED_INCLUDE_IN_FRAMEWORK_HEADER = YES;
				CLANG_WARN_RANGE_LOOP_ANALYSIS = YES;
				CLANG_WARN_STRICT_PROTOTYPES = YES;
				CLANG_WARN_SUSPICIOUS_MOVE = YES;
				CLANG_WARN_UNGUARDED_AVAILABILITY = YES_AGGRESSIVE;
				CLANG_WARN_UNREACHABLE_CODE = YES;
				CLANG_WARN__DUPLICATE_METHOD_MATCH = YES;
				COPY_PHASE_STRIP = NO;
				DEBUG_INFORMATION_FORMAT = dwarf;
				ENABLE_STRICT_OBJC_MSGSEND = YES;
				ENABLE_TESTABILITY = YES;
				GCC_C_LANGUAGE_STANDARD = gnu11;
				GCC_DYNAMIC_NO_PIC = NO;
				GCC_NO_COMMON_BLOCKS = YES;
				GCC_OPTIMIZATION_LEVEL = 0;
				GCC_PREPROCESSOR_DEFINITIONS = (
					"DEBUG=1",
					"$(inherited)",
				);
				GCC_WARN_64_TO_32_BIT_CONVERSION = YES;
				GCC_WARN_ABOUT_RETURN_TYPE = YES_ERROR;
				GCC_WARN_UNDECLARED_SELECTOR = YES;
				GCC_WARN_UNINITIALIZED_AUTOS = YES_AGGRESSIVE;
				GCC_WARN_UNUSED_FUNCTION = YES;
				GCC_WARN_UNUSED_VARIABLE = YES;
				IPHONEOS_DEPLOYMENT_TARGET = 16.1;
				MTL_ENABLE_DEBUG_INFO = INCLUDE_SOURCE;
				MTL_FAST_MATH = YES;
				ONLY_ACTIVE_ARCH = YES;
				SDKROOT = iphoneos;
				SWIFT_ACTIVE_COMPILATION_CONDITIONS = DEBUG;
				SWIFT_OPTIMIZATION_LEVEL = "-Onone";
			};
			name = Debug;
		};
		443D6BD529E4008C00416579 /* Release */ = {
			isa = XCBuildConfiguration;
			buildSettings = {
				ALWAYS_SEARCH_USER_PATHS = NO;
				CLANG_ANALYZER_NONNULL = YES;
				CLANG_ANALYZER_NUMBER_OBJECT_CONVERSION = YES_AGGRESSIVE;
				CLANG_CXX_LANGUAGE_STANDARD = "gnu++20";
				CLANG_ENABLE_MODULES = YES;
				CLANG_ENABLE_OBJC_ARC = YES;
				CLANG_ENABLE_OBJC_WEAK = YES;
				CLANG_WARN_BLOCK_CAPTURE_AUTORELEASING = YES;
				CLANG_WARN_BOOL_CONVERSION = YES;
				CLANG_WARN_COMMA = YES;
				CLANG_WARN_CONSTANT_CONVERSION = YES;
				CLANG_WARN_DEPRECATED_OBJC_IMPLEMENTATIONS = YES;
				CLANG_WARN_DIRECT_OBJC_ISA_USAGE = YES_ERROR;
				CLANG_WARN_DOCUMENTATION_COMMENTS = YES;
				CLANG_WARN_EMPTY_BODY = YES;
				CLANG_WARN_ENUM_CONVERSION = YES;
				CLANG_WARN_INFINITE_RECURSION = YES;
				CLANG_WARN_INT_CONVERSION = YES;
				CLANG_WARN_NON_LITERAL_NULL_CONVERSION = YES;
				CLANG_WARN_OBJC_IMPLICIT_RETAIN_SELF = YES;
				CLANG_WARN_OBJC_LITERAL_CONVERSION = YES;
				CLANG_WARN_OBJC_ROOT_CLASS = YES_ERROR;
				CLANG_WARN_QUOTED_INCLUDE_IN_FRAMEWORK_HEADER = YES;
				CLANG_WARN_RANGE_LOOP_ANALYSIS = YES;
				CLANG_WARN_STRICT_PROTOTYPES = YES;
				CLANG_WARN_SUSPICIOUS_MOVE = YES;
				CLANG_WARN_UNGUARDED_AVAILABILITY = YES_AGGRESSIVE;
				CLANG_WARN_UNREACHABLE_CODE = YES;
				CLANG_WARN__DUPLICATE_METHOD_MATCH = YES;
				COPY_PHASE_STRIP = NO;
				DEBUG_INFORMATION_FORMAT = "dwarf-with-dsym";
				ENABLE_NS_ASSERTIONS = NO;
				ENABLE_STRICT_OBJC_MSGSEND = YES;
				GCC_C_LANGUAGE_STANDARD = gnu11;
				GCC_NO_COMMON_BLOCKS = YES;
				GCC_WARN_64_TO_32_BIT_CONVERSION = YES;
				GCC_WARN_ABOUT_RETURN_TYPE = YES_ERROR;
				GCC_WARN_UNDECLARED_SELECTOR = YES;
				GCC_WARN_UNINITIALIZED_AUTOS = YES_AGGRESSIVE;
				GCC_WARN_UNUSED_FUNCTION = YES;
				GCC_WARN_UNUSED_VARIABLE = YES;
				IPHONEOS_DEPLOYMENT_TARGET = 16.1;
				MTL_ENABLE_DEBUG_INFO = NO;
				MTL_FAST_MATH = YES;
				SDKROOT = iphoneos;
				SWIFT_COMPILATION_MODE = wholemodule;
				SWIFT_OPTIMIZATION_LEVEL = "-O";
				VALIDATE_PRODUCT = YES;
			};
			name = Release;
		};
		443D6BD729E4008C00416579 /* Debug */ = {
			isa = XCBuildConfiguration;
			buildSettings = {
				ASSETCATALOG_COMPILER_APPICON_NAME = AppIcon;
				ASSETCATALOG_COMPILER_GLOBAL_ACCENT_COLOR_NAME = AccentColor;
				CODE_SIGN_STYLE = Automatic;
				CURRENT_PROJECT_VERSION = 1;
				DEVELOPMENT_TEAM = 37S8MMUAB7;
				GENERATE_INFOPLIST_FILE = YES;
				INFOPLIST_FILE = printful_external/Info.plist;
				INFOPLIST_KEY_UIApplicationSupportsIndirectInputEvents = YES;
				INFOPLIST_KEY_UILaunchStoryboardName = LaunchScreen;
				INFOPLIST_KEY_UISupportedInterfaceOrientations = UIInterfaceOrientationPortrait;
				INFOPLIST_KEY_UISupportedInterfaceOrientations_iPad = "UIInterfaceOrientationLandscapeLeft UIInterfaceOrientationLandscapeRight UIInterfaceOrientationPortrait UIInterfaceOrientationPortraitUpsideDown";
				IPHONEOS_DEPLOYMENT_TARGET = 13.0;
				LD_RUNPATH_SEARCH_PATHS = (
					"$(inherited)",
					"@executable_path/Frameworks",
				);
				MARKETING_VERSION = 1.0;
				PRODUCT_BUNDLE_IDENTIFIER = "com.mokhaneugene.printful-external";
				PRODUCT_NAME = "$(TARGET_NAME)";
				SUPPORTED_PLATFORMS = "iphoneos iphonesimulator";
				SUPPORTS_MACCATALYST = NO;
				SUPPORTS_MAC_DESIGNED_FOR_IPHONE_IPAD = NO;
				SWIFT_EMIT_LOC_STRINGS = YES;
				SWIFT_VERSION = 5.0;
				TARGETED_DEVICE_FAMILY = 1;
			};
			name = Debug;
		};
		443D6BD829E4008C00416579 /* Release */ = {
			isa = XCBuildConfiguration;
			buildSettings = {
				ASSETCATALOG_COMPILER_APPICON_NAME = AppIcon;
				ASSETCATALOG_COMPILER_GLOBAL_ACCENT_COLOR_NAME = AccentColor;
				CODE_SIGN_STYLE = Automatic;
				CURRENT_PROJECT_VERSION = 1;
				DEVELOPMENT_TEAM = 37S8MMUAB7;
				GENERATE_INFOPLIST_FILE = YES;
				INFOPLIST_FILE = printful_external/Info.plist;
				INFOPLIST_KEY_UIApplicationSupportsIndirectInputEvents = YES;
				INFOPLIST_KEY_UILaunchStoryboardName = LaunchScreen;
				INFOPLIST_KEY_UISupportedInterfaceOrientations = UIInterfaceOrientationPortrait;
				INFOPLIST_KEY_UISupportedInterfaceOrientations_iPad = "UIInterfaceOrientationLandscapeLeft UIInterfaceOrientationLandscapeRight UIInterfaceOrientationPortrait UIInterfaceOrientationPortraitUpsideDown";
				IPHONEOS_DEPLOYMENT_TARGET = 13.0;
				LD_RUNPATH_SEARCH_PATHS = (
					"$(inherited)",
					"@executable_path/Frameworks",
				);
				MARKETING_VERSION = 1.0;
				PRODUCT_BUNDLE_IDENTIFIER = "com.mokhaneugene.printful-external";
				PRODUCT_NAME = "$(TARGET_NAME)";
				SUPPORTED_PLATFORMS = "iphoneos iphonesimulator";
				SUPPORTS_MACCATALYST = NO;
				SUPPORTS_MAC_DESIGNED_FOR_IPHONE_IPAD = NO;
				SWIFT_EMIT_LOC_STRINGS = YES;
				SWIFT_VERSION = 5.0;
				TARGETED_DEVICE_FAMILY = 1;
			};
			name = Release;
		};
/* End XCBuildConfiguration section */

/* Begin XCConfigurationList section */
		443D6BBD29E4008B00416579 /* Build configuration list for PBXProject "printful_external" */ = {
			isa = XCConfigurationList;
			buildConfigurations = (
				443D6BD429E4008C00416579 /* Debug */,
				443D6BD529E4008C00416579 /* Release */,
			);
			defaultConfigurationIsVisible = 0;
			defaultConfigurationName = Release;
		};
		443D6BD629E4008C00416579 /* Build configuration list for PBXNativeTarget "printful_external" */ = {
			isa = XCConfigurationList;
			buildConfigurations = (
				443D6BD729E4008C00416579 /* Debug */,
				443D6BD829E4008C00416579 /* Release */,
			);
			defaultConfigurationIsVisible = 0;
			defaultConfigurationName = Release;
		};
/* End XCConfigurationList section */

/* Begin XCRemoteSwiftPackageReference section */
		443D6BD929E401FD00416579 /* XCRemoteSwiftPackageReference "SnapKit" */ = {
			isa = XCRemoteSwiftPackageReference;
			repositoryURL = "https://github.com/SnapKit/SnapKit.git";
			requirement = {
				branch = develop;
				kind = branch;
			};
		};
		443D6BDC29E4020700416579 /* XCRemoteSwiftPackageReference "Kingfisher" */ = {
			isa = XCRemoteSwiftPackageReference;
			repositoryURL = "https://github.com/onevcat/Kingfisher.git";
			requirement = {
				branch = master;
				kind = branch;
			};
		};
/* End XCRemoteSwiftPackageReference section */

/* Begin XCSwiftPackageProductDependency section */
		443D6BDA29E401FD00416579 /* SnapKit-Dynamic */ = {
			isa = XCSwiftPackageProductDependency;
			package = 443D6BD929E401FD00416579 /* XCRemoteSwiftPackageReference "SnapKit" */;
			productName = "SnapKit-Dynamic";
		};
		443D6BDD29E4020700416579 /* Kingfisher */ = {
			isa = XCSwiftPackageProductDependency;
			package = 443D6BDC29E4020700416579 /* XCRemoteSwiftPackageReference "Kingfisher" */;
			productName = Kingfisher;
		};
		443D6BE129E45D1200416579 /* Services */ = {
			isa = XCSwiftPackageProductDependency;
			productName = Services;
		};
/* End XCSwiftPackageProductDependency section */
	};
	rootObject = 443D6BBA29E4008B00416579 /* Project object */;
}
